// !$*UTF8*$!
{
	archiveVersion = 1;
	classes = {
	};
	objectVersion = 50;
	objects = {

/* Begin PBXBuildFile section */
		075E13F121F1CBBD00CCABC3 /* Message.swift in Sources */ = {isa = PBXBuildFile; fileRef = 075E13F021F1CBBD00CCABC3 /* Message.swift */; };
		075E13F321F1DEA600CCABC3 /* TextMessage.swift in Sources */ = {isa = PBXBuildFile; fileRef = 075E13F221F1DEA600CCABC3 /* TextMessage.swift */; };
		075E13F721F1F83700CCABC3 /* Conversation.swift in Sources */ = {isa = PBXBuildFile; fileRef = 075E13F621F1F83700CCABC3 /* Conversation.swift */; };
		07CA3B4921E62A3000A53F10 /* AppDelegate.swift in Sources */ = {isa = PBXBuildFile; fileRef = 07CA3B4821E62A3000A53F10 /* AppDelegate.swift */; };
		07CA3B4E21E62A3000A53F10 /* MasterViewController.swift in Sources */ = {isa = PBXBuildFile; fileRef = 07CA3B4D21E62A3000A53F10 /* MasterViewController.swift */; };
		07CA3B5021E62A3000A53F10 /* DetailViewController.swift in Sources */ = {isa = PBXBuildFile; fileRef = 07CA3B4F21E62A3000A53F10 /* DetailViewController.swift */; };
		07CA3B5321E62A3000A53F10 /* Main.storyboard in Resources */ = {isa = PBXBuildFile; fileRef = 07CA3B5121E62A3000A53F10 /* Main.storyboard */; };
		07CA3B5521E62A3300A53F10 /* Assets.xcassets in Resources */ = {isa = PBXBuildFile; fileRef = 07CA3B5421E62A3300A53F10 /* Assets.xcassets */; };
		07CA3B5821E62A3300A53F10 /* LaunchScreen.storyboard in Resources */ = {isa = PBXBuildFile; fileRef = 07CA3B5621E62A3300A53F10 /* LaunchScreen.storyboard */; };
		07CA3B6321E62A3300A53F10 /* YapperTests.swift in Sources */ = {isa = PBXBuildFile; fileRef = 07CA3B6221E62A3300A53F10 /* YapperTests.swift */; };
		07CA3B6E21E62A3300A53F10 /* YapperUITests.swift in Sources */ = {isa = PBXBuildFile; fileRef = 07CA3B6D21E62A3300A53F10 /* YapperUITests.swift */; };
		07CA3B7C21E62F6100A53F10 /* LoginViewController.swift in Sources */ = {isa = PBXBuildFile; fileRef = 07CA3B7B21E62F6100A53F10 /* LoginViewController.swift */; };
		07CA3B7E21E630CC00A53F10 /* SignupViewController.swift in Sources */ = {isa = PBXBuildFile; fileRef = 07CA3B7D21E630CC00A53F10 /* SignupViewController.swift */; };
		07FEF02B21EF1F5D00964B0D /* YapperSplitViewController.swift in Sources */ = {isa = PBXBuildFile; fileRef = 07FEF02A21EF1F5D00964B0D /* YapperSplitViewController.swift */; };
		07FEF03021EF286A00964B0D /* RoundedButton.swift in Sources */ = {isa = PBXBuildFile; fileRef = 07FEF02F21EF286A00964B0D /* RoundedButton.swift */; };
		07FEF03221EF551600964B0D /* Themes.swift in Sources */ = {isa = PBXBuildFile; fileRef = 07FEF03121EF551600964B0D /* Themes.swift */; };
		07FEF03521F06DA200964B0D /* UserManager.swift in Sources */ = {isa = PBXBuildFile; fileRef = 07FEF03421F06DA200964B0D /* UserManager.swift */; };
		07FEF03721F06EA900964B0D /* DatabaseManager.swift in Sources */ = {isa = PBXBuildFile; fileRef = 07FEF03621F06EA900964B0D /* DatabaseManager.swift */; };
		07FEF03921F082BE00964B0D /* FirebaseDefaults.swift in Sources */ = {isa = PBXBuildFile; fileRef = 07FEF03821F082BE00964B0D /* FirebaseDefaults.swift */; };
		07FEF03C21F088C400964B0D /* User.swift in Sources */ = {isa = PBXBuildFile; fileRef = 07FEF03B21F088C400964B0D /* User.swift */; };
		07FEF03E21F098D300964B0D /* LoginManager.swift in Sources */ = {isa = PBXBuildFile; fileRef = 07FEF03D21F098D300964B0D /* LoginManager.swift */; };
		07FEF04121F0A6CC00964B0D /* Log.swift in Sources */ = {isa = PBXBuildFile; fileRef = 07FEF04021F0A6CC00964B0D /* Log.swift */; };
		5BB6366115E0B5393409026F /* Pods_YapperUITests.framework in Frameworks */ = {isa = PBXBuildFile; fileRef = DD3C8B057989642DC1BE2352 /* Pods_YapperUITests.framework */; };
		68E58A1369E592F2007DBB04 /* Pods_Yapper.framework in Frameworks */ = {isa = PBXBuildFile; fileRef = 6DED2FFA4C54F93DA2BBBEED /* Pods_Yapper.framework */; };
		8A80E6B60FA975FCC0447760 /* Pods_YapperTests.framework in Frameworks */ = {isa = PBXBuildFile; fileRef = A9B876BBCDFD05C0A108D6B3 /* Pods_YapperTests.framework */; };
		AF90025E6E760D83903DD175 /* GoogleService-Info.plist in Resources */ = {isa = PBXBuildFile; fileRef = AF90043B5626A2ACA065A1E6 /* GoogleService-Info.plist */; };
		AF900F3D879C38912FFF2263 /* .gitignore in Resources */ = {isa = PBXBuildFile; fileRef = AF90064BC02F1B5CE79D9153 /* .gitignore */; };
/* End PBXBuildFile section */

/* Begin PBXContainerItemProxy section */
		07CA3B5F21E62A3300A53F10 /* PBXContainerItemProxy */ = {
			isa = PBXContainerItemProxy;
			containerPortal = 07CA3B3D21E62A3000A53F10 /* Project object */;
			proxyType = 1;
			remoteGlobalIDString = 07CA3B4421E62A3000A53F10;
			remoteInfo = Yapper;
		};
		07CA3B6A21E62A3300A53F10 /* PBXContainerItemProxy */ = {
			isa = PBXContainerItemProxy;
			containerPortal = 07CA3B3D21E62A3000A53F10 /* Project object */;
			proxyType = 1;
			remoteGlobalIDString = 07CA3B4421E62A3000A53F10;
			remoteInfo = Yapper;
		};
/* End PBXContainerItemProxy section */

/* Begin PBXFileReference section */
		075E13F021F1CBBD00CCABC3 /* Message.swift */ = {isa = PBXFileReference; lastKnownFileType = sourcecode.swift; path = Message.swift; sourceTree = "<group>"; };
		075E13F221F1DEA600CCABC3 /* TextMessage.swift */ = {isa = PBXFileReference; lastKnownFileType = sourcecode.swift; path = TextMessage.swift; sourceTree = "<group>"; };
		075E13F621F1F83700CCABC3 /* Conversation.swift */ = {isa = PBXFileReference; lastKnownFileType = sourcecode.swift; path = Conversation.swift; sourceTree = "<group>"; };
		07CA3B4521E62A3000A53F10 /* Yapper.app */ = {isa = PBXFileReference; explicitFileType = wrapper.application; includeInIndex = 0; path = Yapper.app; sourceTree = BUILT_PRODUCTS_DIR; };
		07CA3B4821E62A3000A53F10 /* AppDelegate.swift */ = {isa = PBXFileReference; lastKnownFileType = sourcecode.swift; path = AppDelegate.swift; sourceTree = "<group>"; };
		07CA3B4D21E62A3000A53F10 /* MasterViewController.swift */ = {isa = PBXFileReference; lastKnownFileType = sourcecode.swift; path = MasterViewController.swift; sourceTree = "<group>"; };
		07CA3B4F21E62A3000A53F10 /* DetailViewController.swift */ = {isa = PBXFileReference; lastKnownFileType = sourcecode.swift; path = DetailViewController.swift; sourceTree = "<group>"; };
		07CA3B5221E62A3000A53F10 /* Base */ = {isa = PBXFileReference; lastKnownFileType = file.storyboard; name = Base; path = Base.lproj/Main.storyboard; sourceTree = "<group>"; };
		07CA3B5421E62A3300A53F10 /* Assets.xcassets */ = {isa = PBXFileReference; lastKnownFileType = folder.assetcatalog; path = Assets.xcassets; sourceTree = "<group>"; };
		07CA3B5721E62A3300A53F10 /* Base */ = {isa = PBXFileReference; lastKnownFileType = file.storyboard; name = Base; path = Base.lproj/LaunchScreen.storyboard; sourceTree = "<group>"; };
		07CA3B5921E62A3300A53F10 /* Info.plist */ = {isa = PBXFileReference; lastKnownFileType = text.plist.xml; path = Info.plist; sourceTree = "<group>"; };
		07CA3B5E21E62A3300A53F10 /* YapperTests.xctest */ = {isa = PBXFileReference; explicitFileType = wrapper.cfbundle; includeInIndex = 0; path = YapperTests.xctest; sourceTree = BUILT_PRODUCTS_DIR; };
		07CA3B6221E62A3300A53F10 /* YapperTests.swift */ = {isa = PBXFileReference; lastKnownFileType = sourcecode.swift; path = YapperTests.swift; sourceTree = "<group>"; };
		07CA3B6421E62A3300A53F10 /* Info.plist */ = {isa = PBXFileReference; lastKnownFileType = text.plist.xml; path = Info.plist; sourceTree = "<group>"; };
		07CA3B6921E62A3300A53F10 /* YapperUITests.xctest */ = {isa = PBXFileReference; explicitFileType = wrapper.cfbundle; includeInIndex = 0; path = YapperUITests.xctest; sourceTree = BUILT_PRODUCTS_DIR; };
		07CA3B6D21E62A3300A53F10 /* YapperUITests.swift */ = {isa = PBXFileReference; lastKnownFileType = sourcecode.swift; path = YapperUITests.swift; sourceTree = "<group>"; };
		07CA3B6F21E62A3300A53F10 /* Info.plist */ = {isa = PBXFileReference; lastKnownFileType = text.plist.xml; path = Info.plist; sourceTree = "<group>"; };
		07CA3B7B21E62F6100A53F10 /* LoginViewController.swift */ = {isa = PBXFileReference; lastKnownFileType = sourcecode.swift; path = LoginViewController.swift; sourceTree = "<group>"; };
		07CA3B7D21E630CC00A53F10 /* SignupViewController.swift */ = {isa = PBXFileReference; lastKnownFileType = sourcecode.swift; path = SignupViewController.swift; sourceTree = "<group>"; };
		07FEF02A21EF1F5D00964B0D /* YapperSplitViewController.swift */ = {isa = PBXFileReference; lastKnownFileType = sourcecode.swift; path = YapperSplitViewController.swift; sourceTree = "<group>"; };
		07FEF02F21EF286A00964B0D /* RoundedButton.swift */ = {isa = PBXFileReference; lastKnownFileType = sourcecode.swift; path = RoundedButton.swift; sourceTree = "<group>"; };
		07FEF03121EF551600964B0D /* Themes.swift */ = {isa = PBXFileReference; lastKnownFileType = sourcecode.swift; path = Themes.swift; sourceTree = "<group>"; };
		07FEF03421F06DA200964B0D /* UserManager.swift */ = {isa = PBXFileReference; lastKnownFileType = sourcecode.swift; path = UserManager.swift; sourceTree = "<group>"; };
		07FEF03621F06EA900964B0D /* DatabaseManager.swift */ = {isa = PBXFileReference; lastKnownFileType = sourcecode.swift; path = DatabaseManager.swift; sourceTree = "<group>"; };
		07FEF03821F082BE00964B0D /* FirebaseDefaults.swift */ = {isa = PBXFileReference; lastKnownFileType = sourcecode.swift; path = FirebaseDefaults.swift; sourceTree = "<group>"; };
		07FEF03B21F088C400964B0D /* User.swift */ = {isa = PBXFileReference; lastKnownFileType = sourcecode.swift; path = User.swift; sourceTree = "<group>"; };
		07FEF03D21F098D300964B0D /* LoginManager.swift */ = {isa = PBXFileReference; lastKnownFileType = sourcecode.swift; path = LoginManager.swift; sourceTree = "<group>"; };
		07FEF04021F0A6CC00964B0D /* Log.swift */ = {isa = PBXFileReference; lastKnownFileType = sourcecode.swift; path = Log.swift; sourceTree = "<group>"; };
		15112198E2F4B1B4B7DF7A1F /* Pods-YapperTests.debug.xcconfig */ = {isa = PBXFileReference; includeInIndex = 1; lastKnownFileType = text.xcconfig; name = "Pods-YapperTests.debug.xcconfig"; path = "Target Support Files/Pods-YapperTests/Pods-YapperTests.debug.xcconfig"; sourceTree = "<group>"; };
		29226B2A670CF69775B08F6A /* Pods-YapperUITests.debug.xcconfig */ = {isa = PBXFileReference; includeInIndex = 1; lastKnownFileType = text.xcconfig; name = "Pods-YapperUITests.debug.xcconfig"; path = "Target Support Files/Pods-YapperUITests/Pods-YapperUITests.debug.xcconfig"; sourceTree = "<group>"; };
		2CCACD75BFA9E76BC0B71D5C /* Pods-Yapper.release.xcconfig */ = {isa = PBXFileReference; includeInIndex = 1; lastKnownFileType = text.xcconfig; name = "Pods-Yapper.release.xcconfig"; path = "Target Support Files/Pods-Yapper/Pods-Yapper.release.xcconfig"; sourceTree = "<group>"; };
		6874B2C99A98CE6191A17053 /* Pods-YapperUITests.release.xcconfig */ = {isa = PBXFileReference; includeInIndex = 1; lastKnownFileType = text.xcconfig; name = "Pods-YapperUITests.release.xcconfig"; path = "Target Support Files/Pods-YapperUITests/Pods-YapperUITests.release.xcconfig"; sourceTree = "<group>"; };
		6DED2FFA4C54F93DA2BBBEED /* Pods_Yapper.framework */ = {isa = PBXFileReference; explicitFileType = wrapper.framework; includeInIndex = 0; path = Pods_Yapper.framework; sourceTree = BUILT_PRODUCTS_DIR; };
		A9B876BBCDFD05C0A108D6B3 /* Pods_YapperTests.framework */ = {isa = PBXFileReference; explicitFileType = wrapper.framework; includeInIndex = 0; path = Pods_YapperTests.framework; sourceTree = BUILT_PRODUCTS_DIR; };
		AF90043B5626A2ACA065A1E6 /* GoogleService-Info.plist */ = {isa = PBXFileReference; fileEncoding = 4; lastKnownFileType = text.plist.info; path = "GoogleService-Info.plist"; sourceTree = "<group>"; };
		AF90064BC02F1B5CE79D9153 /* .gitignore */ = {isa = PBXFileReference; lastKnownFileType = text; path = .gitignore; sourceTree = "<group>"; };
		D44C9C152621E9082388CBCA /* Pods-Yapper.debug.xcconfig */ = {isa = PBXFileReference; includeInIndex = 1; lastKnownFileType = text.xcconfig; name = "Pods-Yapper.debug.xcconfig"; path = "Target Support Files/Pods-Yapper/Pods-Yapper.debug.xcconfig"; sourceTree = "<group>"; };
		DD3C8B057989642DC1BE2352 /* Pods_YapperUITests.framework */ = {isa = PBXFileReference; explicitFileType = wrapper.framework; includeInIndex = 0; path = Pods_YapperUITests.framework; sourceTree = BUILT_PRODUCTS_DIR; };
		F3967C2DE16E7308B1885DD4 /* Pods-YapperTests.release.xcconfig */ = {isa = PBXFileReference; includeInIndex = 1; lastKnownFileType = text.xcconfig; name = "Pods-YapperTests.release.xcconfig"; path = "Target Support Files/Pods-YapperTests/Pods-YapperTests.release.xcconfig"; sourceTree = "<group>"; };
/* End PBXFileReference section */

/* Begin PBXFrameworksBuildPhase section */
		07CA3B4221E62A3000A53F10 /* Frameworks */ = {
			isa = PBXFrameworksBuildPhase;
			buildActionMask = 2147483647;
			files = (
				68E58A1369E592F2007DBB04 /* Pods_Yapper.framework in Frameworks */,
			);
			runOnlyForDeploymentPostprocessing = 0;
		};
		07CA3B5B21E62A3300A53F10 /* Frameworks */ = {
			isa = PBXFrameworksBuildPhase;
			buildActionMask = 2147483647;
			files = (
				8A80E6B60FA975FCC0447760 /* Pods_YapperTests.framework in Frameworks */,
			);
			runOnlyForDeploymentPostprocessing = 0;
		};
		07CA3B6621E62A3300A53F10 /* Frameworks */ = {
			isa = PBXFrameworksBuildPhase;
			buildActionMask = 2147483647;
			files = (
				5BB6366115E0B5393409026F /* Pods_YapperUITests.framework in Frameworks */,
			);
			runOnlyForDeploymentPostprocessing = 0;
		};
/* End PBXFrameworksBuildPhase section */

/* Begin PBXGroup section */
		07CA3B3C21E62A3000A53F10 = {
			isa = PBXGroup;
			children = (
				AF90064BC02F1B5CE79D9153 /* .gitignore */,
				07CA3B4721E62A3000A53F10 /* Yapper */,
				07CA3B6121E62A3300A53F10 /* YapperTests */,
				07CA3B6C21E62A3300A53F10 /* YapperUITests */,
				07CA3B4621E62A3000A53F10 /* Products */,
				AA5B29AE0AE7FC92C1969400 /* Pods */,
				1C64ED73BFE46CA6F29BBE30 /* Frameworks */,
			);
			sourceTree = "<group>";
		};
		07CA3B4621E62A3000A53F10 /* Products */ = {
			isa = PBXGroup;
			children = (
				07CA3B4521E62A3000A53F10 /* Yapper.app */,
				07CA3B5E21E62A3300A53F10 /* YapperTests.xctest */,
				07CA3B6921E62A3300A53F10 /* YapperUITests.xctest */,
			);
			name = Products;
			sourceTree = "<group>";
		};
		07CA3B4721E62A3000A53F10 /* Yapper */ = {
			isa = PBXGroup;
			children = (
				07FEF03F21F0A6A900964B0D /* Utils */,
				07FEF03A21F088AE00964B0D /* Models */,
				07FEF03321F06B5300964B0D /* Firebase */,
				07FEF02C21EF278A00964B0D /* UI Elements */,
				07CA3B7F21E6322F00A53F10 /* ViewControllers */,
				07CA3B4821E62A3000A53F10 /* AppDelegate.swift */,
				07CA3B5121E62A3000A53F10 /* Main.storyboard */,
				07CA3B5621E62A3300A53F10 /* LaunchScreen.storyboard */,
				07CA3B5421E62A3300A53F10 /* Assets.xcassets */,
				07CA3B5921E62A3300A53F10 /* Info.plist */,
				AF90043B5626A2ACA065A1E6 /* GoogleService-Info.plist */,
				07FEF03121EF551600964B0D /* Themes.swift */,
			);
			path = Yapper;
			sourceTree = "<group>";
		};
		07CA3B6121E62A3300A53F10 /* YapperTests */ = {
			isa = PBXGroup;
			children = (
				07CA3B6221E62A3300A53F10 /* YapperTests.swift */,
				07CA3B6421E62A3300A53F10 /* Info.plist */,
			);
			path = YapperTests;
			sourceTree = "<group>";
		};
		07CA3B6C21E62A3300A53F10 /* YapperUITests */ = {
			isa = PBXGroup;
			children = (
				07CA3B6D21E62A3300A53F10 /* YapperUITests.swift */,
				07CA3B6F21E62A3300A53F10 /* Info.plist */,
			);
			path = YapperUITests;
			sourceTree = "<group>";
		};
		07CA3B7F21E6322F00A53F10 /* ViewControllers */ = {
			isa = PBXGroup;
			children = (
				07CA3B7B21E62F6100A53F10 /* LoginViewController.swift */,
				07CA3B7D21E630CC00A53F10 /* SignupViewController.swift */,
				07CA3B4D21E62A3000A53F10 /* MasterViewController.swift */,
				07CA3B4F21E62A3000A53F10 /* DetailViewController.swift */,
				07FEF02A21EF1F5D00964B0D /* YapperSplitViewController.swift */,
			);
			path = ViewControllers;
			sourceTree = "<group>";
		};
		07FEF02C21EF278A00964B0D /* UI Elements */ = {
			isa = PBXGroup;
			children = (
				07FEF02F21EF286A00964B0D /* RoundedButton.swift */,
			);
			path = "UI Elements";
			sourceTree = "<group>";
		};
		07FEF03321F06B5300964B0D /* Firebase */ = {
			isa = PBXGroup;
			children = (
				07FEF03421F06DA200964B0D /* UserManager.swift */,
				07FEF03621F06EA900964B0D /* DatabaseManager.swift */,
				07FEF03821F082BE00964B0D /* FirebaseDefaults.swift */,
				07FEF03D21F098D300964B0D /* LoginManager.swift */,
			);
			path = Firebase;
			sourceTree = "<group>";
		};
		07FEF03A21F088AE00964B0D /* Models */ = {
			isa = PBXGroup;
			children = (
				07FEF03B21F088C400964B0D /* User.swift */,
				075E13F021F1CBBD00CCABC3 /* Message.swift */,
				075E13F221F1DEA600CCABC3 /* TextMessage.swift */,
				075E13F621F1F83700CCABC3 /* Conversation.swift */,
			);
			path = Models;
			sourceTree = "<group>";
		};
		07FEF03F21F0A6A900964B0D /* Utils */ = {
			isa = PBXGroup;
			children = (
				07FEF04021F0A6CC00964B0D /* Log.swift */,
			);
			path = Utils;
			sourceTree = "<group>";
		};
		1C64ED73BFE46CA6F29BBE30 /* Frameworks */ = {
			isa = PBXGroup;
			children = (
				6DED2FFA4C54F93DA2BBBEED /* Pods_Yapper.framework */,
				A9B876BBCDFD05C0A108D6B3 /* Pods_YapperTests.framework */,
				DD3C8B057989642DC1BE2352 /* Pods_YapperUITests.framework */,
			);
			name = Frameworks;
			sourceTree = "<group>";
		};
		AA5B29AE0AE7FC92C1969400 /* Pods */ = {
			isa = PBXGroup;
			children = (
				D44C9C152621E9082388CBCA /* Pods-Yapper.debug.xcconfig */,
				2CCACD75BFA9E76BC0B71D5C /* Pods-Yapper.release.xcconfig */,
				15112198E2F4B1B4B7DF7A1F /* Pods-YapperTests.debug.xcconfig */,
				F3967C2DE16E7308B1885DD4 /* Pods-YapperTests.release.xcconfig */,
				29226B2A670CF69775B08F6A /* Pods-YapperUITests.debug.xcconfig */,
				6874B2C99A98CE6191A17053 /* Pods-YapperUITests.release.xcconfig */,
			);
			path = Pods;
			sourceTree = "<group>";
		};
/* End PBXGroup section */

/* Begin PBXNativeTarget section */
		07CA3B4421E62A3000A53F10 /* Yapper */ = {
			isa = PBXNativeTarget;
			buildConfigurationList = 07CA3B7221E62A3300A53F10 /* Build configuration list for PBXNativeTarget "Yapper" */;
			buildPhases = (
				8B86EF7007636D87EF440015 /* [CP] Check Pods Manifest.lock */,
				07CA3B4121E62A3000A53F10 /* Sources */,
				07CA3B4221E62A3000A53F10 /* Frameworks */,
				07CA3B4321E62A3000A53F10 /* Resources */,
				555D349695BCBAD9A6133623 /* [CP] Embed Pods Frameworks */,
				A9D23F7A788EBDC4510D40CF /* [CP] Copy Pods Resources */,
			);
			buildRules = (
			);
			dependencies = (
			);
			name = Yapper;
			productName = Yapper;
			productReference = 07CA3B4521E62A3000A53F10 /* Yapper.app */;
			productType = "com.apple.product-type.application";
		};
		07CA3B5D21E62A3300A53F10 /* YapperTests */ = {
			isa = PBXNativeTarget;
			buildConfigurationList = 07CA3B7521E62A3300A53F10 /* Build configuration list for PBXNativeTarget "YapperTests" */;
			buildPhases = (
				6C17006312543193C50AC205 /* [CP] Check Pods Manifest.lock */,
				07CA3B5A21E62A3300A53F10 /* Sources */,
				07CA3B5B21E62A3300A53F10 /* Frameworks */,
				07CA3B5C21E62A3300A53F10 /* Resources */,
			);
			buildRules = (
			);
			dependencies = (
				07CA3B6021E62A3300A53F10 /* PBXTargetDependency */,
			);
			name = YapperTests;
			productName = YapperTests;
			productReference = 07CA3B5E21E62A3300A53F10 /* YapperTests.xctest */;
			productType = "com.apple.product-type.bundle.unit-test";
		};
		07CA3B6821E62A3300A53F10 /* YapperUITests */ = {
			isa = PBXNativeTarget;
			buildConfigurationList = 07CA3B7821E62A3300A53F10 /* Build configuration list for PBXNativeTarget "YapperUITests" */;
			buildPhases = (
				7210A9ED62AAE0BA5C5AC0D2 /* [CP] Check Pods Manifest.lock */,
				07CA3B6521E62A3300A53F10 /* Sources */,
				07CA3B6621E62A3300A53F10 /* Frameworks */,
				07CA3B6721E62A3300A53F10 /* Resources */,
			);
			buildRules = (
			);
			dependencies = (
				07CA3B6B21E62A3300A53F10 /* PBXTargetDependency */,
			);
			name = YapperUITests;
			productName = YapperUITests;
			productReference = 07CA3B6921E62A3300A53F10 /* YapperUITests.xctest */;
			productType = "com.apple.product-type.bundle.ui-testing";
		};
/* End PBXNativeTarget section */

/* Begin PBXProject section */
		07CA3B3D21E62A3000A53F10 /* Project object */ = {
			isa = PBXProject;
			attributes = {
				LastSwiftUpdateCheck = 1010;
				LastUpgradeCheck = 1010;
				ORGANIZATIONNAME = "Jonas Theslöf";
				TargetAttributes = {
					07CA3B4421E62A3000A53F10 = {
						CreatedOnToolsVersion = 10.1;
					};
					07CA3B5D21E62A3300A53F10 = {
						CreatedOnToolsVersion = 10.1;
						TestTargetID = 07CA3B4421E62A3000A53F10;
					};
					07CA3B6821E62A3300A53F10 = {
						CreatedOnToolsVersion = 10.1;
						TestTargetID = 07CA3B4421E62A3000A53F10;
					};
				};
			};
			buildConfigurationList = 07CA3B4021E62A3000A53F10 /* Build configuration list for PBXProject "Yapper" */;
			compatibilityVersion = "Xcode 9.3";
			developmentRegion = en;
			hasScannedForEncodings = 0;
			knownRegions = (
				en,
				Base,
			);
			mainGroup = 07CA3B3C21E62A3000A53F10;
			productRefGroup = 07CA3B4621E62A3000A53F10 /* Products */;
			projectDirPath = "";
			projectRoot = "";
			targets = (
				07CA3B4421E62A3000A53F10 /* Yapper */,
				07CA3B5D21E62A3300A53F10 /* YapperTests */,
				07CA3B6821E62A3300A53F10 /* YapperUITests */,
			);
		};
/* End PBXProject section */

/* Begin PBXResourcesBuildPhase section */
		07CA3B4321E62A3000A53F10 /* Resources */ = {
			isa = PBXResourcesBuildPhase;
			buildActionMask = 2147483647;
			files = (
				07CA3B5821E62A3300A53F10 /* LaunchScreen.storyboard in Resources */,
				07CA3B5521E62A3300A53F10 /* Assets.xcassets in Resources */,
				07CA3B5321E62A3000A53F10 /* Main.storyboard in Resources */,
				AF900F3D879C38912FFF2263 /* .gitignore in Resources */,
				AF90025E6E760D83903DD175 /* GoogleService-Info.plist in Resources */,
			);
			runOnlyForDeploymentPostprocessing = 0;
		};
		07CA3B5C21E62A3300A53F10 /* Resources */ = {
			isa = PBXResourcesBuildPhase;
			buildActionMask = 2147483647;
			files = (
			);
			runOnlyForDeploymentPostprocessing = 0;
		};
		07CA3B6721E62A3300A53F10 /* Resources */ = {
			isa = PBXResourcesBuildPhase;
			buildActionMask = 2147483647;
			files = (
			);
			runOnlyForDeploymentPostprocessing = 0;
		};
/* End PBXResourcesBuildPhase section */

/* Begin PBXShellScriptBuildPhase section */
		555D349695BCBAD9A6133623 /* [CP] Embed Pods Frameworks */ = {
			isa = PBXShellScriptBuildPhase;
			buildActionMask = 2147483647;
			files = (
			);
			inputFileListPaths = (
			);
			inputPaths = (
				"${PODS_ROOT}/Target Support Files/Pods-Yapper/Pods-Yapper-frameworks.sh",
				"${BUILT_PRODUCTS_DIR}/BoringSSL/openssl.framework",
				"${BUILT_PRODUCTS_DIR}/GTMSessionFetcher/GTMSessionFetcher.framework",
				"${BUILT_PRODUCTS_DIR}/GoogleUtilities/GoogleUtilities.framework",
				"${BUILT_PRODUCTS_DIR}/Protobuf/Protobuf.framework",
				"${BUILT_PRODUCTS_DIR}/gRPC-C++/grpcpp.framework",
				"${BUILT_PRODUCTS_DIR}/gRPC-Core/grpc.framework",
				"${BUILT_PRODUCTS_DIR}/leveldb-library/leveldb.framework",
				"${BUILT_PRODUCTS_DIR}/nanopb/nanopb.framework",
			);
			name = "[CP] Embed Pods Frameworks";
			outputFileListPaths = (
			);
			outputPaths = (
				"${TARGET_BUILD_DIR}/${FRAMEWORKS_FOLDER_PATH}/openssl.framework",
				"${TARGET_BUILD_DIR}/${FRAMEWORKS_FOLDER_PATH}/GTMSessionFetcher.framework",
				"${TARGET_BUILD_DIR}/${FRAMEWORKS_FOLDER_PATH}/GoogleUtilities.framework",
				"${TARGET_BUILD_DIR}/${FRAMEWORKS_FOLDER_PATH}/Protobuf.framework",
				"${TARGET_BUILD_DIR}/${FRAMEWORKS_FOLDER_PATH}/grpcpp.framework",
				"${TARGET_BUILD_DIR}/${FRAMEWORKS_FOLDER_PATH}/grpc.framework",
				"${TARGET_BUILD_DIR}/${FRAMEWORKS_FOLDER_PATH}/leveldb.framework",
				"${TARGET_BUILD_DIR}/${FRAMEWORKS_FOLDER_PATH}/nanopb.framework",
			);
			runOnlyForDeploymentPostprocessing = 0;
			shellPath = /bin/sh;
			shellScript = "\"${PODS_ROOT}/Target Support Files/Pods-Yapper/Pods-Yapper-frameworks.sh\"\n";
			showEnvVarsInLog = 0;
		};
		6C17006312543193C50AC205 /* [CP] Check Pods Manifest.lock */ = {
			isa = PBXShellScriptBuildPhase;
			buildActionMask = 2147483647;
			files = (
			);
			inputFileListPaths = (
			);
			inputPaths = (
				"${PODS_PODFILE_DIR_PATH}/Podfile.lock",
				"${PODS_ROOT}/Manifest.lock",
			);
			name = "[CP] Check Pods Manifest.lock";
			outputFileListPaths = (
			);
			outputPaths = (
				"$(DERIVED_FILE_DIR)/Pods-YapperTests-checkManifestLockResult.txt",
			);
			runOnlyForDeploymentPostprocessing = 0;
			shellPath = /bin/sh;
			shellScript = "diff \"${PODS_PODFILE_DIR_PATH}/Podfile.lock\" \"${PODS_ROOT}/Manifest.lock\" > /dev/null\nif [ $? != 0 ] ; then\n    # print error to STDERR\n    echo \"error: The sandbox is not in sync with the Podfile.lock. Run 'pod install' or update your CocoaPods installation.\" >&2\n    exit 1\nfi\n# This output is used by Xcode 'outputs' to avoid re-running this script phase.\necho \"SUCCESS\" > \"${SCRIPT_OUTPUT_FILE_0}\"\n";
			showEnvVarsInLog = 0;
		};
		7210A9ED62AAE0BA5C5AC0D2 /* [CP] Check Pods Manifest.lock */ = {
			isa = PBXShellScriptBuildPhase;
			buildActionMask = 2147483647;
			files = (
			);
			inputFileListPaths = (
			);
			inputPaths = (
				"${PODS_PODFILE_DIR_PATH}/Podfile.lock",
				"${PODS_ROOT}/Manifest.lock",
			);
			name = "[CP] Check Pods Manifest.lock";
			outputFileListPaths = (
			);
			outputPaths = (
				"$(DERIVED_FILE_DIR)/Pods-YapperUITests-checkManifestLockResult.txt",
			);
			runOnlyForDeploymentPostprocessing = 0;
			shellPath = /bin/sh;
			shellScript = "diff \"${PODS_PODFILE_DIR_PATH}/Podfile.lock\" \"${PODS_ROOT}/Manifest.lock\" > /dev/null\nif [ $? != 0 ] ; then\n    # print error to STDERR\n    echo \"error: The sandbox is not in sync with the Podfile.lock. Run 'pod install' or update your CocoaPods installation.\" >&2\n    exit 1\nfi\n# This output is used by Xcode 'outputs' to avoid re-running this script phase.\necho \"SUCCESS\" > \"${SCRIPT_OUTPUT_FILE_0}\"\n";
			showEnvVarsInLog = 0;
		};
		8B86EF7007636D87EF440015 /* [CP] Check Pods Manifest.lock */ = {
			isa = PBXShellScriptBuildPhase;
			buildActionMask = 2147483647;
			files = (
			);
			inputFileListPaths = (
			);
			inputPaths = (
				"${PODS_PODFILE_DIR_PATH}/Podfile.lock",
				"${PODS_ROOT}/Manifest.lock",
			);
			name = "[CP] Check Pods Manifest.lock";
			outputFileListPaths = (
			);
			outputPaths = (
				"$(DERIVED_FILE_DIR)/Pods-Yapper-checkManifestLockResult.txt",
			);
			runOnlyForDeploymentPostprocessing = 0;
			shellPath = /bin/sh;
			shellScript = "diff \"${PODS_PODFILE_DIR_PATH}/Podfile.lock\" \"${PODS_ROOT}/Manifest.lock\" > /dev/null\nif [ $? != 0 ] ; then\n    # print error to STDERR\n    echo \"error: The sandbox is not in sync with the Podfile.lock. Run 'pod install' or update your CocoaPods installation.\" >&2\n    exit 1\nfi\n# This output is used by Xcode 'outputs' to avoid re-running this script phase.\necho \"SUCCESS\" > \"${SCRIPT_OUTPUT_FILE_0}\"\n";
			showEnvVarsInLog = 0;
		};
		A9D23F7A788EBDC4510D40CF /* [CP] Copy Pods Resources */ = {
			isa = PBXShellScriptBuildPhase;
			buildActionMask = 2147483647;
			files = (
			);
			inputFileListPaths = (
			);
			inputPaths = (
				"${PODS_ROOT}/Target Support Files/Pods-Yapper/Pods-Yapper-resources.sh",
				"${PODS_CONFIGURATION_BUILD_DIR}/FirebaseFirestore/gRPCCertificates-Firestore.bundle",
			);
			name = "[CP] Copy Pods Resources";
			outputFileListPaths = (
			);
			outputPaths = (
				"${TARGET_BUILD_DIR}/${UNLOCALIZED_RESOURCES_FOLDER_PATH}/gRPCCertificates-Firestore.bundle",
			);
			runOnlyForDeploymentPostprocessing = 0;
			shellPath = /bin/sh;
			shellScript = "\"${PODS_ROOT}/Target Support Files/Pods-Yapper/Pods-Yapper-resources.sh\"\n";
			showEnvVarsInLog = 0;
		};
/* End PBXShellScriptBuildPhase section */

/* Begin PBXSourcesBuildPhase section */
		07CA3B4121E62A3000A53F10 /* Sources */ = {
			isa = PBXSourcesBuildPhase;
			buildActionMask = 2147483647;
			files = (
				07CA3B4921E62A3000A53F10 /* AppDelegate.swift in Sources */,
				07FEF03521F06DA200964B0D /* UserManager.swift in Sources */,
				07FEF03721F06EA900964B0D /* DatabaseManager.swift in Sources */,
				07CA3B7E21E630CC00A53F10 /* SignupViewController.swift in Sources */,
				07FEF03021EF286A00964B0D /* RoundedButton.swift in Sources */,
				07FEF03E21F098D300964B0D /* LoginManager.swift in Sources */,
				075E13F321F1DEA600CCABC3 /* TextMessage.swift in Sources */,
				07FEF03221EF551600964B0D /* Themes.swift in Sources */,
				07CA3B4E21E62A3000A53F10 /* MasterViewController.swift in Sources */,
				07FEF04121F0A6CC00964B0D /* Log.swift in Sources */,
				07CA3B7C21E62F6100A53F10 /* LoginViewController.swift in Sources */,
				075E13F721F1F83700CCABC3 /* Conversation.swift in Sources */,
				07FEF03C21F088C400964B0D /* User.swift in Sources */,
				07CA3B5021E62A3000A53F10 /* DetailViewController.swift in Sources */,
				075E13F121F1CBBD00CCABC3 /* Message.swift in Sources */,
				07FEF02B21EF1F5D00964B0D /* YapperSplitViewController.swift in Sources */,
				07FEF03921F082BE00964B0D /* FirebaseDefaults.swift in Sources */,
			);
			runOnlyForDeploymentPostprocessing = 0;
		};
		07CA3B5A21E62A3300A53F10 /* Sources */ = {
			isa = PBXSourcesBuildPhase;
			buildActionMask = 2147483647;
			files = (
				07CA3B6321E62A3300A53F10 /* YapperTests.swift in Sources */,
			);
			runOnlyForDeploymentPostprocessing = 0;
		};
		07CA3B6521E62A3300A53F10 /* Sources */ = {
			isa = PBXSourcesBuildPhase;
			buildActionMask = 2147483647;
			files = (
				07CA3B6E21E62A3300A53F10 /* YapperUITests.swift in Sources */,
			);
			runOnlyForDeploymentPostprocessing = 0;
		};
/* End PBXSourcesBuildPhase section */

/* Begin PBXTargetDependency section */
		07CA3B6021E62A3300A53F10 /* PBXTargetDependency */ = {
			isa = PBXTargetDependency;
			target = 07CA3B4421E62A3000A53F10 /* Yapper */;
			targetProxy = 07CA3B5F21E62A3300A53F10 /* PBXContainerItemProxy */;
		};
		07CA3B6B21E62A3300A53F10 /* PBXTargetDependency */ = {
			isa = PBXTargetDependency;
			target = 07CA3B4421E62A3000A53F10 /* Yapper */;
			targetProxy = 07CA3B6A21E62A3300A53F10 /* PBXContainerItemProxy */;
		};
/* End PBXTargetDependency section */

/* Begin PBXVariantGroup section */
		07CA3B5121E62A3000A53F10 /* Main.storyboard */ = {
			isa = PBXVariantGroup;
			children = (
				07CA3B5221E62A3000A53F10 /* Base */,
			);
			name = Main.storyboard;
			sourceTree = "<group>";
		};
		07CA3B5621E62A3300A53F10 /* LaunchScreen.storyboard */ = {
			isa = PBXVariantGroup;
			children = (
				07CA3B5721E62A3300A53F10 /* Base */,
			);
			name = LaunchScreen.storyboard;
			sourceTree = "<group>";
		};
/* End PBXVariantGroup section */

/* Begin XCBuildConfiguration section */
		07CA3B7021E62A3300A53F10 /* Debug */ = {
			isa = XCBuildConfiguration;
			buildSettings = {
				ALWAYS_SEARCH_USER_PATHS = NO;
				CLANG_ANALYZER_NONNULL = YES;
				CLANG_ANALYZER_NUMBER_OBJECT_CONVERSION = YES_AGGRESSIVE;
				CLANG_CXX_LANGUAGE_STANDARD = "gnu++14";
				CLANG_CXX_LIBRARY = "libc++";
				CLANG_ENABLE_MODULES = YES;
				CLANG_ENABLE_OBJC_ARC = YES;
				CLANG_ENABLE_OBJC_WEAK = YES;
				CLANG_WARN_BLOCK_CAPTURE_AUTORELEASING = YES;
				CLANG_WARN_BOOL_CONVERSION = YES;
				CLANG_WARN_COMMA = YES;
				CLANG_WARN_CONSTANT_CONVERSION = YES;
				CLANG_WARN_DEPRECATED_OBJC_IMPLEMENTATIONS = YES;
				CLANG_WARN_DIRECT_OBJC_ISA_USAGE = YES_ERROR;
				CLANG_WARN_DOCUMENTATION_COMMENTS = YES;
				CLANG_WARN_EMPTY_BODY = YES;
				CLANG_WARN_ENUM_CONVERSION = YES;
				CLANG_WARN_INFINITE_RECURSION = YES;
				CLANG_WARN_INT_CONVERSION = YES;
				CLANG_WARN_NON_LITERAL_NULL_CONVERSION = YES;
				CLANG_WARN_OBJC_IMPLICIT_RETAIN_SELF = YES;
				CLANG_WARN_OBJC_LITERAL_CONVERSION = YES;
				CLANG_WARN_OBJC_ROOT_CLASS = YES_ERROR;
				CLANG_WARN_RANGE_LOOP_ANALYSIS = YES;
				CLANG_WARN_STRICT_PROTOTYPES = YES;
				CLANG_WARN_SUSPICIOUS_MOVE = YES;
				CLANG_WARN_UNGUARDED_AVAILABILITY = YES_AGGRESSIVE;
				CLANG_WARN_UNREACHABLE_CODE = YES;
				CLANG_WARN__DUPLICATE_METHOD_MATCH = YES;
				CODE_SIGN_IDENTITY = "iPhone Developer";
				COPY_PHASE_STRIP = NO;
				DEBUG_INFORMATION_FORMAT = dwarf;
				ENABLE_STRICT_OBJC_MSGSEND = YES;
				ENABLE_TESTABILITY = YES;
				GCC_C_LANGUAGE_STANDARD = gnu11;
				GCC_DYNAMIC_NO_PIC = NO;
				GCC_NO_COMMON_BLOCKS = YES;
				GCC_OPTIMIZATION_LEVEL = 0;
				GCC_PREPROCESSOR_DEFINITIONS = (
					"DEBUG=1",
					"$(inherited)",
				);
				GCC_WARN_64_TO_32_BIT_CONVERSION = YES;
				GCC_WARN_ABOUT_RETURN_TYPE = YES_ERROR;
				GCC_WARN_UNDECLARED_SELECTOR = YES;
				GCC_WARN_UNINITIALIZED_AUTOS = YES_AGGRESSIVE;
				GCC_WARN_UNUSED_FUNCTION = YES;
				GCC_WARN_UNUSED_VARIABLE = YES;
				IPHONEOS_DEPLOYMENT_TARGET = 12.1;
				MTL_ENABLE_DEBUG_INFO = INCLUDE_SOURCE;
				MTL_FAST_MATH = YES;
				ONLY_ACTIVE_ARCH = YES;
				SDKROOT = iphoneos;
				SWIFT_ACTIVE_COMPILATION_CONDITIONS = DEBUG;
				SWIFT_OPTIMIZATION_LEVEL = "-Onone";
			};
			name = Debug;
		};
		07CA3B7121E62A3300A53F10 /* Release */ = {
			isa = XCBuildConfiguration;
			buildSettings = {
				ALWAYS_SEARCH_USER_PATHS = NO;
				CLANG_ANALYZER_NONNULL = YES;
				CLANG_ANALYZER_NUMBER_OBJECT_CONVERSION = YES_AGGRESSIVE;
				CLANG_CXX_LANGUAGE_STANDARD = "gnu++14";
				CLANG_CXX_LIBRARY = "libc++";
				CLANG_ENABLE_MODULES = YES;
				CLANG_ENABLE_OBJC_ARC = YES;
				CLANG_ENABLE_OBJC_WEAK = YES;
				CLANG_WARN_BLOCK_CAPTURE_AUTORELEASING = YES;
				CLANG_WARN_BOOL_CONVERSION = YES;
				CLANG_WARN_COMMA = YES;
				CLANG_WARN_CONSTANT_CONVERSION = YES;
				CLANG_WARN_DEPRECATED_OBJC_IMPLEMENTATIONS = YES;
				CLANG_WARN_DIRECT_OBJC_ISA_USAGE = YES_ERROR;
				CLANG_WARN_DOCUMENTATION_COMMENTS = YES;
				CLANG_WARN_EMPTY_BODY = YES;
				CLANG_WARN_ENUM_CONVERSION = YES;
				CLANG_WARN_INFINITE_RECURSION = YES;
				CLANG_WARN_INT_CONVERSION = YES;
				CLANG_WARN_NON_LITERAL_NULL_CONVERSION = YES;
				CLANG_WARN_OBJC_IMPLICIT_RETAIN_SELF = YES;
				CLANG_WARN_OBJC_LITERAL_CONVERSION = YES;
				CLANG_WARN_OBJC_ROOT_CLASS = YES_ERROR;
				CLANG_WARN_RANGE_LOOP_ANALYSIS = YES;
				CLANG_WARN_STRICT_PROTOTYPES = YES;
				CLANG_WARN_SUSPICIOUS_MOVE = YES;
				CLANG_WARN_UNGUARDED_AVAILABILITY = YES_AGGRESSIVE;
				CLANG_WARN_UNREACHABLE_CODE = YES;
				CLANG_WARN__DUPLICATE_METHOD_MATCH = YES;
				CODE_SIGN_IDENTITY = "iPhone Developer";
				COPY_PHASE_STRIP = NO;
				DEBUG_INFORMATION_FORMAT = "dwarf-with-dsym";
				ENABLE_NS_ASSERTIONS = NO;
				ENABLE_STRICT_OBJC_MSGSEND = YES;
				GCC_C_LANGUAGE_STANDARD = gnu11;
				GCC_NO_COMMON_BLOCKS = YES;
				GCC_WARN_64_TO_32_BIT_CONVERSION = YES;
				GCC_WARN_ABOUT_RETURN_TYPE = YES_ERROR;
				GCC_WARN_UNDECLARED_SELECTOR = YES;
				GCC_WARN_UNINITIALIZED_AUTOS = YES_AGGRESSIVE;
				GCC_WARN_UNUSED_FUNCTION = YES;
				GCC_WARN_UNUSED_VARIABLE = YES;
				IPHONEOS_DEPLOYMENT_TARGET = 12.1;
				MTL_ENABLE_DEBUG_INFO = NO;
				MTL_FAST_MATH = YES;
				SDKROOT = iphoneos;
				SWIFT_COMPILATION_MODE = wholemodule;
				SWIFT_OPTIMIZATION_LEVEL = "-O";
				VALIDATE_PRODUCT = YES;
			};
			name = Release;
		};
		07CA3B7321E62A3300A53F10 /* Debug */ = {
			isa = XCBuildConfiguration;
			baseConfigurationReference = D44C9C152621E9082388CBCA /* Pods-Yapper.debug.xcconfig */;
			buildSettings = {
				ASSETCATALOG_COMPILER_APPICON_NAME = AppIcon;
				CODE_SIGN_STYLE = Automatic;
				DEVELOPMENT_TEAM = NJFZPF88Z8;
				INFOPLIST_FILE = Yapper/Info.plist;
				LD_RUNPATH_SEARCH_PATHS = (
					"$(inherited)",
					"@executable_path/Frameworks",
				);
				PRODUCT_BUNDLE_IDENTIFIER = se.theslof.Yapper;
				PRODUCT_NAME = "$(TARGET_NAME)";
				SWIFT_VERSION = 4.2;
				TARGETED_DEVICE_FAMILY = "1,2";
			};
			name = Debug;
		};
		07CA3B7421E62A3300A53F10 /* Release */ = {
			isa = XCBuildConfiguration;
			baseConfigurationReference = 2CCACD75BFA9E76BC0B71D5C /* Pods-Yapper.release.xcconfig */;
			buildSettings = {
				ASSETCATALOG_COMPILER_APPICON_NAME = AppIcon;
				CODE_SIGN_STYLE = Automatic;
				DEVELOPMENT_TEAM = NJFZPF88Z8;
				INFOPLIST_FILE = Yapper/Info.plist;
				LD_RUNPATH_SEARCH_PATHS = (
					"$(inherited)",
					"@executable_path/Frameworks",
				);
				PRODUCT_BUNDLE_IDENTIFIER = se.theslof.Yapper;
				PRODUCT_NAME = "$(TARGET_NAME)";
				SWIFT_VERSION = 4.2;
				TARGETED_DEVICE_FAMILY = "1,2";
			};
			name = Release;
		};
		07CA3B7621E62A3300A53F10 /* Debug */ = {
			isa = XCBuildConfiguration;
			baseConfigurationReference = 15112198E2F4B1B4B7DF7A1F /* Pods-YapperTests.debug.xcconfig */;
			buildSettings = {
				ALWAYS_EMBED_SWIFT_STANDARD_LIBRARIES = YES;
				BUNDLE_LOADER = "$(TEST_HOST)";
				CODE_SIGN_STYLE = Automatic;
				DEVELOPMENT_TEAM = NJFZPF88Z8;
				INFOPLIST_FILE = YapperTests/Info.plist;
				LD_RUNPATH_SEARCH_PATHS = (
					"$(inherited)",
					"@executable_path/Frameworks",
					"@loader_path/Frameworks",
				);
				PRODUCT_BUNDLE_IDENTIFIER = se.theslof.YapperTests;
				PRODUCT_NAME = "$(TARGET_NAME)";
				SWIFT_VERSION = 4.2;
				TARGETED_DEVICE_FAMILY = "1,2";
				TEST_HOST = "$(BUILT_PRODUCTS_DIR)/Yapper.app/Yapper";
			};
			name = Debug;
		};
		07CA3B7721E62A3300A53F10 /* Release */ = {
			isa = XCBuildConfiguration;
			baseConfigurationReference = F3967C2DE16E7308B1885DD4 /* Pods-YapperTests.release.xcconfig */;
			buildSettings = {
				ALWAYS_EMBED_SWIFT_STANDARD_LIBRARIES = YES;
				BUNDLE_LOADER = "$(TEST_HOST)";
				CODE_SIGN_STYLE = Automatic;
				DEVELOPMENT_TEAM = NJFZPF88Z8;
				INFOPLIST_FILE = YapperTests/Info.plist;
				LD_RUNPATH_SEARCH_PATHS = (
					"$(inherited)",
					"@executable_path/Frameworks",
					"@loader_path/Frameworks",
				);
				PRODUCT_BUNDLE_IDENTIFIER = se.theslof.YapperTests;
				PRODUCT_NAME = "$(TARGET_NAME)";
				SWIFT_VERSION = 4.2;
				TARGETED_DEVICE_FAMILY = "1,2";
				TEST_HOST = "$(BUILT_PRODUCTS_DIR)/Yapper.app/Yapper";
			};
			name = Release;
		};
		07CA3B7921E62A3300A53F10 /* Debug */ = {
			isa = XCBuildConfiguration;
			baseConfigurationReference = 29226B2A670CF69775B08F6A /* Pods-YapperUITests.debug.xcconfig */;
			buildSettings = {
				ALWAYS_EMBED_SWIFT_STANDARD_LIBRARIES = YES;
				CODE_SIGN_STYLE = Automatic;
				DEVELOPMENT_TEAM = NJFZPF88Z8;
				INFOPLIST_FILE = YapperUITests/Info.plist;
				LD_RUNPATH_SEARCH_PATHS = (
					"$(inherited)",
					"@executable_path/Frameworks",
					"@loader_path/Frameworks",
				);
				PRODUCT_BUNDLE_IDENTIFIER = se.theslof.YapperUITests;
				PRODUCT_NAME = "$(TARGET_NAME)";
				SWIFT_VERSION = 4.2;
				TARGETED_DEVICE_FAMILY = "1,2";
				TEST_TARGET_NAME = Yapper;
			};
			name = Debug;
		};
		07CA3B7A21E62A3300A53F10 /* Release */ = {
			isa = XCBuildConfiguration;
			baseConfigurationReference = 6874B2C99A98CE6191A17053 /* Pods-YapperUITests.release.xcconfig */;
			buildSettings = {
				ALWAYS_EMBED_SWIFT_STANDARD_LIBRARIES = YES;
				CODE_SIGN_STYLE = Automatic;
				DEVELOPMENT_TEAM = NJFZPF88Z8;
				INFOPLIST_FILE = YapperUITests/Info.plist;
				LD_RUNPATH_SEARCH_PATHS = (
					"$(inherited)",
					"@executable_path/Frameworks",
					"@loader_path/Frameworks",
				);
				PRODUCT_BUNDLE_IDENTIFIER = se.theslof.YapperUITests;
				PRODUCT_NAME = "$(TARGET_NAME)";
				SWIFT_VERSION = 4.2;
				TARGETED_DEVICE_FAMILY = "1,2";
				TEST_TARGET_NAME = Yapper;
			};
			name = Release;
		};
/* End XCBuildConfiguration section */

/* Begin XCConfigurationList section */
		07CA3B4021E62A3000A53F10 /* Build configuration list for PBXProject "Yapper" */ = {
			isa = XCConfigurationList;
			buildConfigurations = (
				07CA3B7021E62A3300A53F10 /* Debug */,
				07CA3B7121E62A3300A53F10 /* Release */,
			);
			defaultConfigurationIsVisible = 0;
			defaultConfigurationName = Release;
		};
		07CA3B7221E62A3300A53F10 /* Build configuration list for PBXNativeTarget "Yapper" */ = {
			isa = XCConfigurationList;
			buildConfigurations = (
				07CA3B7321E62A3300A53F10 /* Debug */,
				07CA3B7421E62A3300A53F10 /* Release */,
			);
			defaultConfigurationIsVisible = 0;
			defaultConfigurationName = Release;
		};
		07CA3B7521E62A3300A53F10 /* Build configuration list for PBXNativeTarget "YapperTests" */ = {
			isa = XCConfigurationList;
			buildConfigurations = (
				07CA3B7621E62A3300A53F10 /* Debug */,
				07CA3B7721E62A3300A53F10 /* Release */,
			);
			defaultConfigurationIsVisible = 0;
			defaultConfigurationName = Release;
		};
		07CA3B7821E62A3300A53F10 /* Build configuration list for PBXNativeTarget "YapperUITests" */ = {
			isa = XCConfigurationList;
			buildConfigurations = (
				07CA3B7921E62A3300A53F10 /* Debug */,
				07CA3B7A21E62A3300A53F10 /* Release */,
			);
			defaultConfigurationIsVisible = 0;
			defaultConfigurationName = Release;
		};
/* End XCConfigurationList section */
	};
	rootObject = 07CA3B3D21E62A3000A53F10 /* Project object */;
}
